
Microsoft Visual Studio Solution File, Format Version 12.00
# Visual Studio 2013
VisualStudioVersion = 12.0.21005.1
MinimumVisualStudioVersion = 10.0.40219.1
Project("{F14B399A-7131-4C87-9E4B-1186C45EF12D}") = "Seguranca", "Seguranca.rptproj", "{C38ACC4F-E2AF-48E5-9D57-2CEBBA3A511B}"
EndProject
Global
	GlobalSection(SolutionConfigurationPlatforms) = preSolution
		Debug|Default = Debug|Default
		DebugLocal|Default = DebugLocal|Default
		Release|Default = Release|Default
	EndGlobalSection
	GlobalSection(ProjectConfigurationPlatforms) = postSolution
		{C38ACC4F-E2AF-48E5-9D57-2CEBBA3A511B}.Debug|Default.ActiveCfg = Debug
		{C38ACC4F-E2AF-48E5-9D57-2CEBBA3A511B}.Debug|Default.Build.0 = Debug
		{C38ACC4F-E2AF-48E5-9D57-2CEBBA3A511B}.Debug|Default.Deploy.0 = Debug
		{C38ACC4F-E2AF-48E5-9D57-2CEBBA3A511B}.DebugLocal|Default.ActiveCfg = DebugLocal
		{C38ACC4F-E2AF-48E5-9D57-2CEBBA3A511B}.DebugLocal|Default.Build.0 = DebugLocal
		{C38ACC4F-E2AF-48E5-9D57-2CEBBA3A511B}.DebugLocal|Default.Deploy.0 = DebugLocal
		{C38ACC4F-E2AF-48E5-9D57-2CEBBA3A511B}.Release|Default.ActiveCfg = Release
		{C38ACC4F-E2AF-48E5-9D57-2CEBBA3A511B}.Release|Default.Build.0 = Release
		{C38ACC4F-E2AF-48E5-9D57-2CEBBA3A511B}.Release|Default.Deploy.0 = Release
	EndGlobalSection
	GlobalSection(SolutionProperties) = preSolution
		HideSolutionNode = FALSE
	EndGlobalSection
EndGlobal
