
Microsoft Visual Studio Solution File, Format Version 12.00
# Visual Studio 2013
VisualStudioVersion = 12.0.21005.1
MinimumVisualStudioVersion = 10.0.40219.1
Project("{F14B399A-7131-4C87-9E4B-1186C45EF12D}") = "VAGAS 10Mais", "VAGAS 10Mais.rptproj", "{FE7AF3EE-03EB-4F00-83E6-C68308C4F005}"
EndProject
Global
	GlobalSection(SolutionConfigurationPlatforms) = preSolution
		Debug|Default = Debug|Default
		DebugLocal|Default = DebugLocal|Default
		Release|Default = Release|Default
	EndGlobalSection
	GlobalSection(ProjectConfigurationPlatforms) = postSolution
		{FE7AF3EE-03EB-4F00-83E6-C68308C4F005}.Debug|Default.ActiveCfg = Debug
		{FE7AF3EE-03EB-4F00-83E6-C68308C4F005}.Debug|Default.Build.0 = Debug
		{FE7AF3EE-03EB-4F00-83E6-C68308C4F005}.Debug|Default.Deploy.0 = Debug
		{FE7AF3EE-03EB-4F00-83E6-C68308C4F005}.DebugLocal|Default.ActiveCfg = DebugLocal
		{FE7AF3EE-03EB-4F00-83E6-C68308C4F005}.DebugLocal|Default.Build.0 = DebugLocal
		{FE7AF3EE-03EB-4F00-83E6-C68308C4F005}.DebugLocal|Default.Deploy.0 = DebugLocal
		{FE7AF3EE-03EB-4F00-83E6-C68308C4F005}.Release|Default.ActiveCfg = Release
		{FE7AF3EE-03EB-4F00-83E6-C68308C4F005}.Release|Default.Build.0 = Release
		{FE7AF3EE-03EB-4F00-83E6-C68308C4F005}.Release|Default.Deploy.0 = Release
	EndGlobalSection
	GlobalSection(SolutionProperties) = preSolution
		HideSolutionNode = FALSE
	EndGlobalSection
EndGlobal
