
Microsoft Visual Studio Solution File, Format Version 12.00
# Visual Studio 14
VisualStudioVersion = 14.0.23107.0
MinimumVisualStudioVersion = 10.0.40219.1
Project("{F14B399A-7131-4C87-9E4B-1186C45EF12D}") = "Vagas_e_partner_Internos", "Vagas_e_partner_Internos\Vagas_e_partner_Internos.rptproj", "{A49EDA1E-67AA-4E6D-8EB9-1006D10EAADD}"
EndProject
Global
	GlobalSection(SolutionConfigurationPlatforms) = preSolution
		Debug|Default = Debug|Default
		DebugLocal|Default = DebugLocal|Default
		Release|Default = Release|Default
	EndGlobalSection
	GlobalSection(ProjectConfigurationPlatforms) = postSolution
		{A49EDA1E-67AA-4E6D-8EB9-1006D10EAADD}.Debug|Default.ActiveCfg = Release
		{A49EDA1E-67AA-4E6D-8EB9-1006D10EAADD}.Debug|Default.Build.0 = Release
		{A49EDA1E-67AA-4E6D-8EB9-1006D10EAADD}.Debug|Default.Deploy.0 = Release
		{A49EDA1E-67AA-4E6D-8EB9-1006D10EAADD}.DebugLocal|Default.ActiveCfg = DebugLocal
		{A49EDA1E-67AA-4E6D-8EB9-1006D10EAADD}.DebugLocal|Default.Build.0 = DebugLocal
		{A49EDA1E-67AA-4E6D-8EB9-1006D10EAADD}.Release|Default.ActiveCfg = Release
		{A49EDA1E-67AA-4E6D-8EB9-1006D10EAADD}.Release|Default.Build.0 = Release
		{A49EDA1E-67AA-4E6D-8EB9-1006D10EAADD}.Release|Default.Deploy.0 = Release
	EndGlobalSection
	GlobalSection(SolutionProperties) = preSolution
		HideSolutionNode = FALSE
	EndGlobalSection
EndGlobal
