
Microsoft Visual Studio Solution File, Format Version 12.00
# Visual Studio 2013
VisualStudioVersion = 12.0.21005.1
MinimumVisualStudioVersion = 10.0.40219.1
Project("{F14B399A-7131-4C87-9E4B-1186C45EF12D}") = "Candidatos", "Candidatos.rptproj", "{B012BF6D-C208-4922-8581-312A5540F504}"
EndProject
Global
	GlobalSection(SolutionConfigurationPlatforms) = preSolution
		Debug|Default = Debug|Default
		DebugLocal|Default = DebugLocal|Default
		Release|Default = Release|Default
	EndGlobalSection
	GlobalSection(ProjectConfigurationPlatforms) = postSolution
		{B012BF6D-C208-4922-8581-312A5540F504}.Debug|Default.ActiveCfg = Debug
		{B012BF6D-C208-4922-8581-312A5540F504}.Debug|Default.Build.0 = Debug
		{B012BF6D-C208-4922-8581-312A5540F504}.Debug|Default.Deploy.0 = Debug
		{B012BF6D-C208-4922-8581-312A5540F504}.DebugLocal|Default.ActiveCfg = DebugLocal
		{B012BF6D-C208-4922-8581-312A5540F504}.DebugLocal|Default.Build.0 = DebugLocal
		{B012BF6D-C208-4922-8581-312A5540F504}.DebugLocal|Default.Deploy.0 = DebugLocal
		{B012BF6D-C208-4922-8581-312A5540F504}.Release|Default.ActiveCfg = Release
		{B012BF6D-C208-4922-8581-312A5540F504}.Release|Default.Build.0 = Release
		{B012BF6D-C208-4922-8581-312A5540F504}.Release|Default.Deploy.0 = Release
	EndGlobalSection
	GlobalSection(SolutionProperties) = preSolution
		HideSolutionNode = FALSE
	EndGlobalSection
EndGlobal
