
Microsoft Visual Studio Solution File, Format Version 12.00
# Visual Studio 14
VisualStudioVersion = 14.0.23107.0
MinimumVisualStudioVersion = 10.0.40219.1
Project("{159641D6-6404-4A2A-AE62-294DE0FE8301}") = "INTEGRACAO_SENSEDATA", "INTEGRACAO_SENSEDATA\INTEGRACAO_SENSEDATA.dtproj", "{FB525640-6D59-4902-9E74-E7E0620EDAB1}"
EndProject
Global
	GlobalSection(SolutionConfigurationPlatforms) = preSolution
		Development|Default = Development|Default
		Production|Default = Production|Default
	EndGlobalSection
	GlobalSection(ProjectConfigurationPlatforms) = postSolution
		{FB525640-6D59-4902-9E74-E7E0620EDAB1}.Development|Default.ActiveCfg = Development
		{FB525640-6D59-4902-9E74-E7E0620EDAB1}.Development|Default.Build.0 = Development
		{FB525640-6D59-4902-9E74-E7E0620EDAB1}.Production|Default.ActiveCfg = Development
		{FB525640-6D59-4902-9E74-E7E0620EDAB1}.Production|Default.Build.0 = Development
		{FB525640-6D59-4902-9E74-E7E0620EDAB1}.Production|Default.Deploy.0 = Development
	EndGlobalSection
	GlobalSection(SolutionProperties) = preSolution
		HideSolutionNode = FALSE
	EndGlobalSection
EndGlobal
