
Microsoft Visual Studio Solution File, Format Version 12.00
# Visual Studio 2013
VisualStudioVersion = 12.0.21005.1
MinimumVisualStudioVersion = 10.0.40219.1
Project("{F14B399A-7131-4C87-9E4B-1186C45EF12D}") = "Vagas (Oportunidades de Emprego)", "Vagas (Oportunidades de Emprego).rptproj", "{49774E10-D2A6-4A47-91E0-3A36E7A1314A}"
EndProject
Global
	GlobalSection(SolutionConfigurationPlatforms) = preSolution
		Debug|Default = Debug|Default
		DebugLocal|Default = DebugLocal|Default
		Release|Default = Release|Default
	EndGlobalSection
	GlobalSection(ProjectConfigurationPlatforms) = postSolution
		{49774E10-D2A6-4A47-91E0-3A36E7A1314A}.Debug|Default.ActiveCfg = Debug
		{49774E10-D2A6-4A47-91E0-3A36E7A1314A}.Debug|Default.Build.0 = Debug
		{49774E10-D2A6-4A47-91E0-3A36E7A1314A}.Debug|Default.Deploy.0 = Debug
		{49774E10-D2A6-4A47-91E0-3A36E7A1314A}.DebugLocal|Default.ActiveCfg = DebugLocal
		{49774E10-D2A6-4A47-91E0-3A36E7A1314A}.DebugLocal|Default.Build.0 = DebugLocal
		{49774E10-D2A6-4A47-91E0-3A36E7A1314A}.Release|Default.ActiveCfg = Release
		{49774E10-D2A6-4A47-91E0-3A36E7A1314A}.Release|Default.Build.0 = Release
		{49774E10-D2A6-4A47-91E0-3A36E7A1314A}.Release|Default.Deploy.0 = Release
	EndGlobalSection
	GlobalSection(SolutionProperties) = preSolution
		HideSolutionNode = FALSE
	EndGlobalSection
EndGlobal
