
Microsoft Visual Studio Solution File, Format Version 12.00
# Visual Studio 14
VisualStudioVersion = 14.0.23107.0
MinimumVisualStudioVersion = 10.0.40219.1
Project("{F14B399A-7131-4C87-9E4B-1186C45EF12D}") = "Alerta de Vagas", "Alerta de Vagas.rptproj", "{9F83F586-C96F-4E5D-95D0-4E4CC3521656}"
EndProject
Global
	GlobalSection(SolutionConfigurationPlatforms) = preSolution
		Debug|Default = Debug|Default
		DebugLocal|Default = DebugLocal|Default
		Release|Default = Release|Default
	EndGlobalSection
	GlobalSection(ProjectConfigurationPlatforms) = postSolution
		{9F83F586-C96F-4E5D-95D0-4E4CC3521656}.Debug|Default.ActiveCfg = Debug
		{9F83F586-C96F-4E5D-95D0-4E4CC3521656}.Debug|Default.Build.0 = Debug
		{9F83F586-C96F-4E5D-95D0-4E4CC3521656}.Debug|Default.Deploy.0 = Debug
		{9F83F586-C96F-4E5D-95D0-4E4CC3521656}.DebugLocal|Default.ActiveCfg = DebugLocal
		{9F83F586-C96F-4E5D-95D0-4E4CC3521656}.DebugLocal|Default.Build.0 = DebugLocal
		{9F83F586-C96F-4E5D-95D0-4E4CC3521656}.DebugLocal|Default.Deploy.0 = DebugLocal
		{9F83F586-C96F-4E5D-95D0-4E4CC3521656}.Release|Default.ActiveCfg = Release
		{9F83F586-C96F-4E5D-95D0-4E4CC3521656}.Release|Default.Build.0 = Release
		{9F83F586-C96F-4E5D-95D0-4E4CC3521656}.Release|Default.Deploy.0 = Release
	EndGlobalSection
	GlobalSection(SolutionProperties) = preSolution
		HideSolutionNode = FALSE
	EndGlobalSection
EndGlobal
