
Microsoft Visual Studio Solution File, Format Version 12.00
# Visual Studio 14
VisualStudioVersion = 14.0.23107.0
MinimumVisualStudioVersion = 10.0.40219.1
Project("{F14B399A-7131-4C87-9E4B-1186C45EF12D}") = "Mailings", "Mailings\Mailings.rptproj", "{11C318F9-946B-4C4F-9A64-176ADEDE930A}"
EndProject
Global
	GlobalSection(SolutionConfigurationPlatforms) = preSolution
		Debug|Default = Debug|Default
		DebugLocal|Default = DebugLocal|Default
		Release|Default = Release|Default
	EndGlobalSection
	GlobalSection(ProjectConfigurationPlatforms) = postSolution
		{11C318F9-946B-4C4F-9A64-176ADEDE930A}.Debug|Default.ActiveCfg = Release
		{11C318F9-946B-4C4F-9A64-176ADEDE930A}.Debug|Default.Build.0 = Release
		{11C318F9-946B-4C4F-9A64-176ADEDE930A}.Debug|Default.Deploy.0 = Release
		{11C318F9-946B-4C4F-9A64-176ADEDE930A}.DebugLocal|Default.ActiveCfg = DebugLocal
		{11C318F9-946B-4C4F-9A64-176ADEDE930A}.DebugLocal|Default.Build.0 = DebugLocal
		{11C318F9-946B-4C4F-9A64-176ADEDE930A}.Release|Default.ActiveCfg = Release
		{11C318F9-946B-4C4F-9A64-176ADEDE930A}.Release|Default.Build.0 = Release
		{11C318F9-946B-4C4F-9A64-176ADEDE930A}.Release|Default.Deploy.0 = Release
	EndGlobalSection
	GlobalSection(SolutionProperties) = preSolution
		HideSolutionNode = FALSE
	EndGlobalSection
EndGlobal
