
Microsoft Visual Studio Solution File, Format Version 12.00
# Visual Studio 2013
VisualStudioVersion = 12.0.21005.1
MinimumVisualStudioVersion = 10.0.40219.1
Project("{F14B399A-7131-4C87-9E4B-1186C45EF12D}") = "Temporário", "Temporário\Temporário.rptproj", "{FA10A292-D183-400A-ACA6-F34ECB00B384}"
EndProject
Global
	GlobalSection(SolutionConfigurationPlatforms) = preSolution
		Debug|Default = Debug|Default
		DebugLocal|Default = DebugLocal|Default
		Release|Default = Release|Default
	EndGlobalSection
	GlobalSection(ProjectConfigurationPlatforms) = postSolution
		{FA10A292-D183-400A-ACA6-F34ECB00B384}.Debug|Default.ActiveCfg = Debug
		{FA10A292-D183-400A-ACA6-F34ECB00B384}.Debug|Default.Build.0 = Debug
		{FA10A292-D183-400A-ACA6-F34ECB00B384}.Debug|Default.Deploy.0 = Debug
		{FA10A292-D183-400A-ACA6-F34ECB00B384}.DebugLocal|Default.ActiveCfg = DebugLocal
		{FA10A292-D183-400A-ACA6-F34ECB00B384}.DebugLocal|Default.Build.0 = DebugLocal
		{FA10A292-D183-400A-ACA6-F34ECB00B384}.Release|Default.ActiveCfg = Release
		{FA10A292-D183-400A-ACA6-F34ECB00B384}.Release|Default.Build.0 = Release
		{FA10A292-D183-400A-ACA6-F34ECB00B384}.Release|Default.Deploy.0 = Release
	EndGlobalSection
	GlobalSection(SolutionProperties) = preSolution
		HideSolutionNode = FALSE
	EndGlobalSection
EndGlobal
