
Microsoft Visual Studio Solution File, Format Version 12.00
# Visual Studio 14
VisualStudioVersion = 14.0.23107.0
MinimumVisualStudioVersion = 10.0.40219.1
Project("{F14B399A-7131-4C87-9E4B-1186C45EF12D}") = "Monitoramento", "Monitoramento.rptproj", "{918CB1A4-136D-4099-A8FF-7E99C05A76F4}"
EndProject
Global
	GlobalSection(SolutionConfigurationPlatforms) = preSolution
		Debug|Default = Debug|Default
		DebugLocal|Default = DebugLocal|Default
		Release|Default = Release|Default
	EndGlobalSection
	GlobalSection(ProjectConfigurationPlatforms) = postSolution
		{918CB1A4-136D-4099-A8FF-7E99C05A76F4}.Debug|Default.ActiveCfg = Debug
		{918CB1A4-136D-4099-A8FF-7E99C05A76F4}.Debug|Default.Build.0 = Debug
		{918CB1A4-136D-4099-A8FF-7E99C05A76F4}.Debug|Default.Deploy.0 = Debug
		{918CB1A4-136D-4099-A8FF-7E99C05A76F4}.DebugLocal|Default.ActiveCfg = DebugLocal
		{918CB1A4-136D-4099-A8FF-7E99C05A76F4}.DebugLocal|Default.Build.0 = DebugLocal
		{918CB1A4-136D-4099-A8FF-7E99C05A76F4}.Release|Default.ActiveCfg = Release
		{918CB1A4-136D-4099-A8FF-7E99C05A76F4}.Release|Default.Build.0 = Release
		{918CB1A4-136D-4099-A8FF-7E99C05A76F4}.Release|Default.Deploy.0 = Release
	EndGlobalSection
	GlobalSection(SolutionProperties) = preSolution
		HideSolutionNode = FALSE
	EndGlobalSection
EndGlobal
