
Microsoft Visual Studio Solution File, Format Version 12.00
# Visual Studio 2013
VisualStudioVersion = 12.0.21005.1
MinimumVisualStudioVersion = 10.0.40219.1
Project("{F14B399A-7131-4C87-9E4B-1186C45EF12D}") = "Sugar", "Sugar.rptproj", "{0751CA5D-329D-4189-B93C-7A7F23AA252E}"
EndProject
Global
	GlobalSection(SolutionConfigurationPlatforms) = preSolution
		Debug|Default = Debug|Default
		DebugLocal|Default = DebugLocal|Default
		Release|Default = Release|Default
	EndGlobalSection
	GlobalSection(ProjectConfigurationPlatforms) = postSolution
		{0751CA5D-329D-4189-B93C-7A7F23AA252E}.Debug|Default.ActiveCfg = Debug
		{0751CA5D-329D-4189-B93C-7A7F23AA252E}.Debug|Default.Build.0 = Debug
		{0751CA5D-329D-4189-B93C-7A7F23AA252E}.Debug|Default.Deploy.0 = Debug
		{0751CA5D-329D-4189-B93C-7A7F23AA252E}.DebugLocal|Default.ActiveCfg = DebugLocal
		{0751CA5D-329D-4189-B93C-7A7F23AA252E}.DebugLocal|Default.Build.0 = DebugLocal
		{0751CA5D-329D-4189-B93C-7A7F23AA252E}.DebugLocal|Default.Deploy.0 = DebugLocal
		{0751CA5D-329D-4189-B93C-7A7F23AA252E}.Release|Default.ActiveCfg = Release
		{0751CA5D-329D-4189-B93C-7A7F23AA252E}.Release|Default.Build.0 = Release
		{0751CA5D-329D-4189-B93C-7A7F23AA252E}.Release|Default.Deploy.0 = Release
	EndGlobalSection
	GlobalSection(SolutionProperties) = preSolution
		HideSolutionNode = FALSE
	EndGlobalSection
EndGlobal
