
Microsoft Visual Studio Solution File, Format Version 12.00
# Visual Studio 2013
VisualStudioVersion = 12.0.21005.1
MinimumVisualStudioVersion = 10.0.40219.1
Project("{F14B399A-7131-4C87-9E4B-1186C45EF12D}") = "Creditos_VAGAS", "Creditos_VAGAS.rptproj", "{737C7292-7A8B-4D83-967F-8E7376C0BB1B}"
EndProject
Global
	GlobalSection(SolutionConfigurationPlatforms) = preSolution
		Debug|Default = Debug|Default
		DebugLocal|Default = DebugLocal|Default
		Release|Default = Release|Default
	EndGlobalSection
	GlobalSection(ProjectConfigurationPlatforms) = postSolution
		{737C7292-7A8B-4D83-967F-8E7376C0BB1B}.Debug|Default.ActiveCfg = Debug
		{737C7292-7A8B-4D83-967F-8E7376C0BB1B}.Debug|Default.Build.0 = Debug
		{737C7292-7A8B-4D83-967F-8E7376C0BB1B}.Debug|Default.Deploy.0 = Debug
		{737C7292-7A8B-4D83-967F-8E7376C0BB1B}.DebugLocal|Default.ActiveCfg = DebugLocal
		{737C7292-7A8B-4D83-967F-8E7376C0BB1B}.DebugLocal|Default.Build.0 = DebugLocal
		{737C7292-7A8B-4D83-967F-8E7376C0BB1B}.DebugLocal|Default.Deploy.0 = DebugLocal
		{737C7292-7A8B-4D83-967F-8E7376C0BB1B}.Release|Default.ActiveCfg = Release
		{737C7292-7A8B-4D83-967F-8E7376C0BB1B}.Release|Default.Build.0 = Release
		{737C7292-7A8B-4D83-967F-8E7376C0BB1B}.Release|Default.Deploy.0 = Release
	EndGlobalSection
	GlobalSection(SolutionProperties) = preSolution
		HideSolutionNode = FALSE
	EndGlobalSection
EndGlobal
