
Microsoft Visual Studio Solution File, Format Version 12.00
# Visual Studio 14
VisualStudioVersion = 14.0.23107.0
MinimumVisualStudioVersion = 10.0.40219.1
Project("{F14B399A-7131-4C87-9E4B-1186C45EF12D}") = "Envio por e-mail", "Envio por e-mail\Envio por e-mail.rptproj", "{97939663-3B52-43B2-8B58-42D886837A43}"
EndProject
Global
	GlobalSection(SolutionConfigurationPlatforms) = preSolution
		Debug|Default = Debug|Default
		DebugLocal|Default = DebugLocal|Default
		Release|Default = Release|Default
	EndGlobalSection
	GlobalSection(ProjectConfigurationPlatforms) = postSolution
		{97939663-3B52-43B2-8B58-42D886837A43}.Debug|Default.ActiveCfg = Debug
		{97939663-3B52-43B2-8B58-42D886837A43}.Debug|Default.Build.0 = Debug
		{97939663-3B52-43B2-8B58-42D886837A43}.Debug|Default.Deploy.0 = Debug
		{97939663-3B52-43B2-8B58-42D886837A43}.DebugLocal|Default.ActiveCfg = Release
		{97939663-3B52-43B2-8B58-42D886837A43}.DebugLocal|Default.Build.0 = Release
		{97939663-3B52-43B2-8B58-42D886837A43}.Release|Default.ActiveCfg = Release
		{97939663-3B52-43B2-8B58-42D886837A43}.Release|Default.Build.0 = Release
		{97939663-3B52-43B2-8B58-42D886837A43}.Release|Default.Deploy.0 = Release
	EndGlobalSection
	GlobalSection(SolutionProperties) = preSolution
		HideSolutionNode = FALSE
	EndGlobalSection
EndGlobal
